// !$*UTF8*$!
{
	archiveVersion = 1;
	classes = {
	};
	objectVersion = 48;
	objects = {

/* Begin PBXBuildFile section */
		87AB4ED81E547D6505BA17EA /* Pods_RxDemo.framework in Frameworks */ = {isa = PBXBuildFile; fileRef = 6B8A58A9343863631EC37F14 /* Pods_RxDemo.framework */; };
		F24A548220FD0287009A6575 /* FeedContentPageViewController.swift in Sources */ = {isa = PBXBuildFile; fileRef = F24A548120FD0287009A6575 /* FeedContentPageViewController.swift */; };
		F24A548420FD02D9009A6575 /* FeedContentPageViewModel.swift in Sources */ = {isa = PBXBuildFile; fileRef = F24A548320FD02D9009A6575 /* FeedContentPageViewModel.swift */; };
		F24A548620FD06C6009A6575 /* Array+Extension.swift in Sources */ = {isa = PBXBuildFile; fileRef = F24A548520FD06C6009A6575 /* Array+Extension.swift */; };
		F2E020B220FC719D008B3D37 /* AppDelegate.swift in Sources */ = {isa = PBXBuildFile; fileRef = F2E020B120FC719D008B3D37 /* AppDelegate.swift */; };
		F2E020B720FC719E008B3D37 /* Main.storyboard in Resources */ = {isa = PBXBuildFile; fileRef = F2E020B520FC719E008B3D37 /* Main.storyboard */; };
		F2E020B920FC719E008B3D37 /* Assets.xcassets in Resources */ = {isa = PBXBuildFile; fileRef = F2E020B820FC719E008B3D37 /* Assets.xcassets */; };
		F2E020BC20FC719E008B3D37 /* LaunchScreen.storyboard in Resources */ = {isa = PBXBuildFile; fileRef = F2E020BA20FC719E008B3D37 /* LaunchScreen.storyboard */; };
		F2E020CD20FC7A12008B3D37 /* OlimpBattleAPI.swift in Sources */ = {isa = PBXBuildFile; fileRef = F2E020CC20FC7A12008B3D37 /* OlimpBattleAPI.swift */; };
		F2E020D020FC7B8D008B3D37 /* Page.swift in Sources */ = {isa = PBXBuildFile; fileRef = F2E020CF20FC7B8D008B3D37 /* Page.swift */; };
		F2E020D320FC869D008B3D37 /* Data+Extensions.swift in Sources */ = {isa = PBXBuildFile; fileRef = F2E020D220FC869D008B3D37 /* Data+Extensions.swift */; };
		F2E020D620FCA2D7008B3D37 /* CoordinatorProtocol.swift in Sources */ = {isa = PBXBuildFile; fileRef = F2E020D520FCA2D7008B3D37 /* CoordinatorProtocol.swift */; };
		F2E020D820FCA3A9008B3D37 /* UIViewController+Rx.swift in Sources */ = {isa = PBXBuildFile; fileRef = F2E020D720FCA3A9008B3D37 /* UIViewController+Rx.swift */; };
		F2E020DA20FCA3CC008B3D37 /* AppCoordinator.swift in Sources */ = {isa = PBXBuildFile; fileRef = F2E020D920FCA3CC008B3D37 /* AppCoordinator.swift */; };
		F2E020E020FCA5EC008B3D37 /* FeedViewController.storyboard in Resources */ = {isa = PBXBuildFile; fileRef = F2E020DF20FCA5EC008B3D37 /* FeedViewController.storyboard */; };
		F2E020E220FCA738008B3D37 /* FeedViewController.swift in Sources */ = {isa = PBXBuildFile; fileRef = F2E020E120FCA738008B3D37 /* FeedViewController.swift */; };
		F2E020E520FCA77A008B3D37 /* ViewModelProtocol.swift in Sources */ = {isa = PBXBuildFile; fileRef = F2E020E320FCA779008B3D37 /* ViewModelProtocol.swift */; };
		F2E020E620FCA77A008B3D37 /* ViewControllerProtocol.swift in Sources */ = {isa = PBXBuildFile; fileRef = F2E020E420FCA77A008B3D37 /* ViewControllerProtocol.swift */; };
		F2E020E820FCA7C3008B3D37 /* Identifierable.swift in Sources */ = {isa = PBXBuildFile; fileRef = F2E020E720FCA7C3008B3D37 /* Identifierable.swift */; };
		F2E020EA20FCA7F2008B3D37 /* FeedViewModel.swift in Sources */ = {isa = PBXBuildFile; fileRef = F2E020E920FCA7F2008B3D37 /* FeedViewModel.swift */; };
		F2E020EC20FCA823008B3D37 /* FeedCoordinator.swift in Sources */ = {isa = PBXBuildFile; fileRef = F2E020EB20FCA823008B3D37 /* FeedCoordinator.swift */; };
		F2E020EE20FCA990008B3D37 /* Enum+Collection.swift in Sources */ = {isa = PBXBuildFile; fileRef = F2E020ED20FCA98F008B3D37 /* Enum+Collection.swift */; };
		F2E020F320FCB0CF008B3D37 /* OlimpTableViewController.storyboard in Resources */ = {isa = PBXBuildFile; fileRef = F2E020F220FCB0CF008B3D37 /* OlimpTableViewController.storyboard */; };
		F2E020F520FCB0EE008B3D37 /* OlimpTableViewController.swift in Sources */ = {isa = PBXBuildFile; fileRef = F2E020F420FCB0EE008B3D37 /* OlimpTableViewController.swift */; };
		F2E020F720FCB103008B3D37 /* OlimpTableViewModel.swift in Sources */ = {isa = PBXBuildFile; fileRef = F2E020F620FCB103008B3D37 /* OlimpTableViewModel.swift */; };
		F2E020F920FCB231008B3D37 /* OlimpBattleItem.swift in Sources */ = {isa = PBXBuildFile; fileRef = F2E020F820FCB231008B3D37 /* OlimpBattleItem.swift */; };
		F2E020FC20FCB682008B3D37 /* DisposableTableViewCell.swift in Sources */ = {isa = PBXBuildFile; fileRef = F2E020FB20FCB681008B3D37 /* DisposableTableViewCell.swift */; };
		F2E0210020FCB851008B3D37 /* OlimpTableCellViewModel.swift in Sources */ = {isa = PBXBuildFile; fileRef = F2E020FF20FCB851008B3D37 /* OlimpTableCellViewModel.swift */; };
		F2E0210220FCB89F008B3D37 /* OlimpLeftTableViewCell.swift in Sources */ = {isa = PBXBuildFile; fileRef = F2E0210120FCB89F008B3D37 /* OlimpLeftTableViewCell.swift */; };
		F2E0210420FCB8C6008B3D37 /* OlimpRightTableViewCell.swift in Sources */ = {isa = PBXBuildFile; fileRef = F2E0210320FCB8C6008B3D37 /* OlimpRightTableViewCell.swift */; };
/* End PBXBuildFile section */

/* Begin PBXFileReference section */
		6B8A58A9343863631EC37F14 /* Pods_RxDemo.framework */ = {isa = PBXFileReference; explicitFileType = wrapper.framework; includeInIndex = 0; path = Pods_RxDemo.framework; sourceTree = BUILT_PRODUCTS_DIR; };
		F24A548120FD0287009A6575 /* FeedContentPageViewController.swift */ = {isa = PBXFileReference; lastKnownFileType = sourcecode.swift; path = FeedContentPageViewController.swift; sourceTree = "<group>"; };
		F24A548320FD02D9009A6575 /* FeedContentPageViewModel.swift */ = {isa = PBXFileReference; lastKnownFileType = sourcecode.swift; path = FeedContentPageViewModel.swift; sourceTree = "<group>"; };
		F24A548520FD06C6009A6575 /* Array+Extension.swift */ = {isa = PBXFileReference; fileEncoding = 4; lastKnownFileType = sourcecode.swift; path = "Array+Extension.swift"; sourceTree = "<group>"; };
		F2E020AE20FC719D008B3D37 /* RxDemo.app */ = {isa = PBXFileReference; explicitFileType = wrapper.application; includeInIndex = 0; path = RxDemo.app; sourceTree = BUILT_PRODUCTS_DIR; };
		F2E020B120FC719D008B3D37 /* AppDelegate.swift */ = {isa = PBXFileReference; lastKnownFileType = sourcecode.swift; path = AppDelegate.swift; sourceTree = "<group>"; };
		F2E020B620FC719E008B3D37 /* Base */ = {isa = PBXFileReference; lastKnownFileType = file.storyboard; name = Base; path = Base.lproj/Main.storyboard; sourceTree = "<group>"; };
		F2E020B820FC719E008B3D37 /* Assets.xcassets */ = {isa = PBXFileReference; lastKnownFileType = folder.assetcatalog; path = Assets.xcassets; sourceTree = "<group>"; };
		F2E020BB20FC719E008B3D37 /* Base */ = {isa = PBXFileReference; lastKnownFileType = file.storyboard; name = Base; path = Base.lproj/LaunchScreen.storyboard; sourceTree = "<group>"; };
		F2E020BD20FC719E008B3D37 /* Info.plist */ = {isa = PBXFileReference; lastKnownFileType = text.plist.xml; path = Info.plist; sourceTree = "<group>"; };
		F2E020CC20FC7A12008B3D37 /* OlimpBattleAPI.swift */ = {isa = PBXFileReference; lastKnownFileType = sourcecode.swift; path = OlimpBattleAPI.swift; sourceTree = "<group>"; };
		F2E020CF20FC7B8D008B3D37 /* Page.swift */ = {isa = PBXFileReference; lastKnownFileType = sourcecode.swift; path = Page.swift; sourceTree = "<group>"; };
		F2E020D220FC869D008B3D37 /* Data+Extensions.swift */ = {isa = PBXFileReference; lastKnownFileType = sourcecode.swift; path = "Data+Extensions.swift"; sourceTree = "<group>"; };
		F2E020D520FCA2D7008B3D37 /* CoordinatorProtocol.swift */ = {isa = PBXFileReference; lastKnownFileType = sourcecode.swift; path = CoordinatorProtocol.swift; sourceTree = "<group>"; };
		F2E020D720FCA3A9008B3D37 /* UIViewController+Rx.swift */ = {isa = PBXFileReference; lastKnownFileType = sourcecode.swift; path = "UIViewController+Rx.swift"; sourceTree = "<group>"; };
		F2E020D920FCA3CC008B3D37 /* AppCoordinator.swift */ = {isa = PBXFileReference; lastKnownFileType = sourcecode.swift; path = AppCoordinator.swift; sourceTree = "<group>"; };
		F2E020DF20FCA5EC008B3D37 /* FeedViewController.storyboard */ = {isa = PBXFileReference; lastKnownFileType = file.storyboard; path = FeedViewController.storyboard; sourceTree = "<group>"; };
		F2E020E120FCA738008B3D37 /* FeedViewController.swift */ = {isa = PBXFileReference; lastKnownFileType = sourcecode.swift; path = FeedViewController.swift; sourceTree = "<group>"; };
		F2E020E320FCA779008B3D37 /* ViewModelProtocol.swift */ = {isa = PBXFileReference; fileEncoding = 4; lastKnownFileType = sourcecode.swift; path = ViewModelProtocol.swift; sourceTree = "<group>"; };
		F2E020E420FCA77A008B3D37 /* ViewControllerProtocol.swift */ = {isa = PBXFileReference; fileEncoding = 4; lastKnownFileType = sourcecode.swift; path = ViewControllerProtocol.swift; sourceTree = "<group>"; };
		F2E020E720FCA7C3008B3D37 /* Identifierable.swift */ = {isa = PBXFileReference; fileEncoding = 4; lastKnownFileType = sourcecode.swift; path = Identifierable.swift; sourceTree = "<group>"; };
		F2E020E920FCA7F2008B3D37 /* FeedViewModel.swift */ = {isa = PBXFileReference; lastKnownFileType = sourcecode.swift; path = FeedViewModel.swift; sourceTree = "<group>"; };
		F2E020EB20FCA823008B3D37 /* FeedCoordinator.swift */ = {isa = PBXFileReference; lastKnownFileType = sourcecode.swift; path = FeedCoordinator.swift; sourceTree = "<group>"; };
		F2E020ED20FCA98F008B3D37 /* Enum+Collection.swift */ = {isa = PBXFileReference; fileEncoding = 4; lastKnownFileType = sourcecode.swift; path = "Enum+Collection.swift"; sourceTree = "<group>"; };
		F2E020F220FCB0CF008B3D37 /* OlimpTableViewController.storyboard */ = {isa = PBXFileReference; lastKnownFileType = file.storyboard; path = OlimpTableViewController.storyboard; sourceTree = "<group>"; };
		F2E020F420FCB0EE008B3D37 /* OlimpTableViewController.swift */ = {isa = PBXFileReference; lastKnownFileType = sourcecode.swift; path = OlimpTableViewController.swift; sourceTree = "<group>"; };
		F2E020F620FCB103008B3D37 /* OlimpTableViewModel.swift */ = {isa = PBXFileReference; lastKnownFileType = sourcecode.swift; path = OlimpTableViewModel.swift; sourceTree = "<group>"; };
		F2E020F820FCB231008B3D37 /* OlimpBattleItem.swift */ = {isa = PBXFileReference; lastKnownFileType = sourcecode.swift; path = OlimpBattleItem.swift; sourceTree = "<group>"; };
		F2E020FB20FCB681008B3D37 /* DisposableTableViewCell.swift */ = {isa = PBXFileReference; fileEncoding = 4; lastKnownFileType = sourcecode.swift; path = DisposableTableViewCell.swift; sourceTree = "<group>"; };
		F2E020FF20FCB851008B3D37 /* OlimpTableCellViewModel.swift */ = {isa = PBXFileReference; lastKnownFileType = sourcecode.swift; path = OlimpTableCellViewModel.swift; sourceTree = "<group>"; };
		F2E0210120FCB89F008B3D37 /* OlimpLeftTableViewCell.swift */ = {isa = PBXFileReference; lastKnownFileType = sourcecode.swift; path = OlimpLeftTableViewCell.swift; sourceTree = "<group>"; };
		F2E0210320FCB8C6008B3D37 /* OlimpRightTableViewCell.swift */ = {isa = PBXFileReference; lastKnownFileType = sourcecode.swift; path = OlimpRightTableViewCell.swift; sourceTree = "<group>"; };
		F56CE55B929154CAD8999BB5 /* Pods-RxDemo.release.xcconfig */ = {isa = PBXFileReference; includeInIndex = 1; lastKnownFileType = text.xcconfig; name = "Pods-RxDemo.release.xcconfig"; path = "Pods/Target Support Files/Pods-RxDemo/Pods-RxDemo.release.xcconfig"; sourceTree = "<group>"; };
		F829A6FCCFACA8A1E0EF7957 /* Pods-RxDemo.debug.xcconfig */ = {isa = PBXFileReference; includeInIndex = 1; lastKnownFileType = text.xcconfig; name = "Pods-RxDemo.debug.xcconfig"; path = "Pods/Target Support Files/Pods-RxDemo/Pods-RxDemo.debug.xcconfig"; sourceTree = "<group>"; };
/* End PBXFileReference section */

/* Begin PBXFrameworksBuildPhase section */
		F2E020AB20FC719D008B3D37 /* Frameworks */ = {
			isa = PBXFrameworksBuildPhase;
			buildActionMask = 2147483647;
			files = (
				87AB4ED81E547D6505BA17EA /* Pods_RxDemo.framework in Frameworks */,
			);
			runOnlyForDeploymentPostprocessing = 0;
		};
/* End PBXFrameworksBuildPhase section */

/* Begin PBXGroup section */
		713F7B680F88B9AE29E268E7 /* Frameworks */ = {
			isa = PBXGroup;
			children = (
				6B8A58A9343863631EC37F14 /* Pods_RxDemo.framework */,
			);
			name = Frameworks;
			sourceTree = "<group>";
		};
		B6D26B3E97F79A6E7F0B5C45 /* Pods */ = {
			isa = PBXGroup;
			children = (
				F829A6FCCFACA8A1E0EF7957 /* Pods-RxDemo.debug.xcconfig */,
				F56CE55B929154CAD8999BB5 /* Pods-RxDemo.release.xcconfig */,
			);
			name = Pods;
			sourceTree = "<group>";
		};
		F2E020A520FC719C008B3D37 = {
			isa = PBXGroup;
			children = (
				F2E020B020FC719D008B3D37 /* RxDemo */,
				F2E020AF20FC719D008B3D37 /* Products */,
				B6D26B3E97F79A6E7F0B5C45 /* Pods */,
				713F7B680F88B9AE29E268E7 /* Frameworks */,
			);
			sourceTree = "<group>";
		};
		F2E020AF20FC719D008B3D37 /* Products */ = {
			isa = PBXGroup;
			children = (
				F2E020AE20FC719D008B3D37 /* RxDemo.app */,
			);
			name = Products;
			sourceTree = "<group>";
		};
		F2E020B020FC719D008B3D37 /* RxDemo */ = {
			isa = PBXGroup;
			children = (
				F2E020B120FC719D008B3D37 /* AppDelegate.swift */,
				F2E020C920FC792E008B3D37 /* Common */,
				F2E020C820FC791F008B3D37 /* Internal */,
			);
			path = RxDemo;
			sourceTree = "<group>";
		};
		F2E020C820FC791F008B3D37 /* Internal */ = {
			isa = PBXGroup;
			children = (
				F2E020DB20FCA590008B3D37 /* Flows */,
				F2E020CE20FC7B69008B3D37 /* Models */,
				F2E020CB20FC79C1008B3D37 /* Services */,
				F2E020CA20FC7953008B3D37 /* Resources */,
				F2E020D920FCA3CC008B3D37 /* AppCoordinator.swift */,
			);
			path = Internal;
			sourceTree = "<group>";
		};
		F2E020C920FC792E008B3D37 /* Common */ = {
			isa = PBXGroup;
			children = (
				F2E020FA20FCB681008B3D37 /* Views */,
				F2E020D420FCA2CE008B3D37 /* Protocols */,
				F2E020D120FC8693008B3D37 /* Extensions */,
			);
			path = Common;
			sourceTree = "<group>";
		};
		F2E020CA20FC7953008B3D37 /* Resources */ = {
			isa = PBXGroup;
			children = (
				F2E020B820FC719E008B3D37 /* Assets.xcassets */,
				F2E020BA20FC719E008B3D37 /* LaunchScreen.storyboard */,
				F2E020BD20FC719E008B3D37 /* Info.plist */,
				F2E020B520FC719E008B3D37 /* Main.storyboard */,
			);
			path = Resources;
			sourceTree = "<group>";
		};
		F2E020CB20FC79C1008B3D37 /* Services */ = {
			isa = PBXGroup;
			children = (
				F2E020CC20FC7A12008B3D37 /* OlimpBattleAPI.swift */,
			);
			path = Services;
			sourceTree = "<group>";
		};
		F2E020CE20FC7B69008B3D37 /* Models */ = {
			isa = PBXGroup;
			children = (
				F2E020CF20FC7B8D008B3D37 /* Page.swift */,
				F2E020F820FCB231008B3D37 /* OlimpBattleItem.swift */,
			);
			path = Models;
			sourceTree = "<group>";
		};
		F2E020D120FC8693008B3D37 /* Extensions */ = {
			isa = PBXGroup;
			children = (
				F24A548520FD06C6009A6575 /* Array+Extension.swift */,
				F2E020ED20FCA98F008B3D37 /* Enum+Collection.swift */,
				F2E020D220FC869D008B3D37 /* Data+Extensions.swift */,
				F2E020D720FCA3A9008B3D37 /* UIViewController+Rx.swift */,
			);
			path = Extensions;
			sourceTree = "<group>";
		};
		F2E020D420FCA2CE008B3D37 /* Protocols */ = {
			isa = PBXGroup;
			children = (
				F2E020E720FCA7C3008B3D37 /* Identifierable.swift */,
				F2E020E420FCA77A008B3D37 /* ViewControllerProtocol.swift */,
				F2E020E320FCA779008B3D37 /* ViewModelProtocol.swift */,
				F2E020D520FCA2D7008B3D37 /* CoordinatorProtocol.swift */,
			);
			path = Protocols;
			sourceTree = "<group>";
		};
		F2E020DB20FCA590008B3D37 /* Flows */ = {
			isa = PBXGroup;
			children = (
				F2E020EF20FCB022008B3D37 /* OlimpTable */,
				F2E020DC20FCA5B4008B3D37 /* Feed */,
			);
			path = Flows;
			sourceTree = "<group>";
		};
		F2E020DC20FCA5B4008B3D37 /* Feed */ = {
			isa = PBXGroup;
			children = (
				F2E020DE20FCA5CC008B3D37 /* ViewModel */,
				F2E020DD20FCA5C4008B3D37 /* View */,
				F2E020EB20FCA823008B3D37 /* FeedCoordinator.swift */,
			);
			path = Feed;
			sourceTree = "<group>";
		};
		F2E020DD20FCA5C4008B3D37 /* View */ = {
			isa = PBXGroup;
			children = (
				F2E020DF20FCA5EC008B3D37 /* FeedViewController.storyboard */,
				F2E020E120FCA738008B3D37 /* FeedViewController.swift */,
				F24A548120FD0287009A6575 /* FeedContentPageViewController.swift */,
			);
			path = View;
			sourceTree = "<group>";
		};
		F2E020DE20FCA5CC008B3D37 /* ViewModel */ = {
			isa = PBXGroup;
			children = (
				F2E020E920FCA7F2008B3D37 /* FeedViewModel.swift */,
				F24A548320FD02D9009A6575 /* FeedContentPageViewModel.swift */,
			);
			path = ViewModel;
			sourceTree = "<group>";
		};
		F2E020EF20FCB022008B3D37 /* OlimpTable */ = {
			isa = PBXGroup;
			children = (
				F2E020F120FCB045008B3D37 /* ViewModel */,
				F2E020F020FCB038008B3D37 /* View */,
			);
			path = OlimpTable;
			sourceTree = "<group>";
		};
		F2E020F020FCB038008B3D37 /* View */ = {
			isa = PBXGroup;
			children = (
				F2E020F220FCB0CF008B3D37 /* OlimpTableViewController.storyboard */,
				F2E020F420FCB0EE008B3D37 /* OlimpTableViewController.swift */,
				F2E0210120FCB89F008B3D37 /* OlimpLeftTableViewCell.swift */,
				F2E0210320FCB8C6008B3D37 /* OlimpRightTableViewCell.swift */,
			);
			path = View;
			sourceTree = "<group>";
		};
		F2E020F120FCB045008B3D37 /* ViewModel */ = {
			isa = PBXGroup;
			children = (
				F2E020F620FCB103008B3D37 /* OlimpTableViewModel.swift */,
				F2E020FF20FCB851008B3D37 /* OlimpTableCellViewModel.swift */,
			);
			path = ViewModel;
			sourceTree = "<group>";
		};
		F2E020FA20FCB681008B3D37 /* Views */ = {
			isa = PBXGroup;
			children = (
				F2E020FB20FCB681008B3D37 /* DisposableTableViewCell.swift */,
			);
			path = Views;
			sourceTree = "<group>";
		};
/* End PBXGroup section */

/* Begin PBXNativeTarget section */
		F2E020AD20FC719D008B3D37 /* RxDemo */ = {
			isa = PBXNativeTarget;
			buildConfigurationList = F2E020C020FC719E008B3D37 /* Build configuration list for PBXNativeTarget "RxDemo" */;
			buildPhases = (
				9F5EF512D119BEEC1EEEB231 /* [CP] Check Pods Manifest.lock */,
				F2E020AA20FC719D008B3D37 /* Sources */,
				F2E020AB20FC719D008B3D37 /* Frameworks */,
				F2E020AC20FC719D008B3D37 /* Resources */,
				795E9954992426037A4417FB /* [CP] Embed Pods Frameworks */,
			);
			buildRules = (
			);
			dependencies = (
			);
			name = RxDemo;
			productName = RxDemo;
			productReference = F2E020AE20FC719D008B3D37 /* RxDemo.app */;
			productType = "com.apple.product-type.application";
		};
/* End PBXNativeTarget section */

/* Begin PBXProject section */
		F2E020A620FC719D008B3D37 /* Project object */ = {
			isa = PBXProject;
			attributes = {
				LastSwiftUpdateCheck = 0920;
				LastUpgradeCheck = 0920;
				ORGANIZATIONNAME = "Dmitrii Bagrov";
				TargetAttributes = {
					F2E020AD20FC719D008B3D37 = {
						CreatedOnToolsVersion = 9.2;
						ProvisioningStyle = Automatic;
					};
				};
			};
			buildConfigurationList = F2E020A920FC719D008B3D37 /* Build configuration list for PBXProject "RxDemo" */;
			compatibilityVersion = "Xcode 8.0";
			developmentRegion = en;
			hasScannedForEncodings = 0;
			knownRegions = (
				en,
				Base,
			);
			mainGroup = F2E020A520FC719C008B3D37;
			productRefGroup = F2E020AF20FC719D008B3D37 /* Products */;
			projectDirPath = "";
			projectRoot = "";
			targets = (
				F2E020AD20FC719D008B3D37 /* RxDemo */,
			);
		};
/* End PBXProject section */

/* Begin PBXResourcesBuildPhase section */
		F2E020AC20FC719D008B3D37 /* Resources */ = {
			isa = PBXResourcesBuildPhase;
			buildActionMask = 2147483647;
			files = (
				F2E020BC20FC719E008B3D37 /* LaunchScreen.storyboard in Resources */,
				F2E020B920FC719E008B3D37 /* Assets.xcassets in Resources */,
				F2E020B720FC719E008B3D37 /* Main.storyboard in Resources */,
				F2E020F320FCB0CF008B3D37 /* OlimpTableViewController.storyboard in Resources */,
				F2E020E020FCA5EC008B3D37 /* FeedViewController.storyboard in Resources */,
			);
			runOnlyForDeploymentPostprocessing = 0;
		};
/* End PBXResourcesBuildPhase section */

/* Begin PBXShellScriptBuildPhase section */
		795E9954992426037A4417FB /* [CP] Embed Pods Frameworks */ = {
			isa = PBXShellScriptBuildPhase;
			buildActionMask = 2147483647;
			files = (
			);
			inputPaths = (
				"${SRCROOT}/Pods/Target Support Files/Pods-RxDemo/Pods-RxDemo-frameworks.sh",
				"${BUILT_PRODUCTS_DIR}/Alamofire/Alamofire.framework",
				"${BUILT_PRODUCTS_DIR}/Differentiator/Differentiator.framework",
				"${BUILT_PRODUCTS_DIR}/Moya/Moya.framework",
				"${BUILT_PRODUCTS_DIR}/Result/Result.framework",
				"${BUILT_PRODUCTS_DIR}/RxCocoa/RxCocoa.framework",
				"${BUILT_PRODUCTS_DIR}/RxDataSources/RxDataSources.framework",
				"${BUILT_PRODUCTS_DIR}/RxSwift/RxSwift.framework",
				"${BUILT_PRODUCTS_DIR}/Swinject/Swinject.framework",
			);
			name = "[CP] Embed Pods Frameworks";
			outputPaths = (
				"${TARGET_BUILD_DIR}/${FRAMEWORKS_FOLDER_PATH}/Alamofire.framework",
				"${TARGET_BUILD_DIR}/${FRAMEWORKS_FOLDER_PATH}/Differentiator.framework",
				"${TARGET_BUILD_DIR}/${FRAMEWORKS_FOLDER_PATH}/Moya.framework",
				"${TARGET_BUILD_DIR}/${FRAMEWORKS_FOLDER_PATH}/Result.framework",
				"${TARGET_BUILD_DIR}/${FRAMEWORKS_FOLDER_PATH}/RxCocoa.framework",
				"${TARGET_BUILD_DIR}/${FRAMEWORKS_FOLDER_PATH}/RxDataSources.framework",
				"${TARGET_BUILD_DIR}/${FRAMEWORKS_FOLDER_PATH}/RxSwift.framework",
				"${TARGET_BUILD_DIR}/${FRAMEWORKS_FOLDER_PATH}/Swinject.framework",
			);
			runOnlyForDeploymentPostprocessing = 0;
			shellPath = /bin/sh;
			shellScript = "\"${SRCROOT}/Pods/Target Support Files/Pods-RxDemo/Pods-RxDemo-frameworks.sh\"\n";
			showEnvVarsInLog = 0;
		};
		9F5EF512D119BEEC1EEEB231 /* [CP] Check Pods Manifest.lock */ = {
			isa = PBXShellScriptBuildPhase;
			buildActionMask = 2147483647;
			files = (
			);
			inputPaths = (
				"${PODS_PODFILE_DIR_PATH}/Podfile.lock",
				"${PODS_ROOT}/Manifest.lock",
			);
			name = "[CP] Check Pods Manifest.lock";
			outputPaths = (
				"$(DERIVED_FILE_DIR)/Pods-RxDemo-checkManifestLockResult.txt",
			);
			runOnlyForDeploymentPostprocessing = 0;
			shellPath = /bin/sh;
			shellScript = "diff \"${PODS_PODFILE_DIR_PATH}/Podfile.lock\" \"${PODS_ROOT}/Manifest.lock\" > /dev/null\nif [ $? != 0 ] ; then\n    # print error to STDERR\n    echo \"error: The sandbox is not in sync with the Podfile.lock. Run 'pod install' or update your CocoaPods installation.\" >&2\n    exit 1\nfi\n# This output is used by Xcode 'outputs' to avoid re-running this script phase.\necho \"SUCCESS\" > \"${SCRIPT_OUTPUT_FILE_0}\"\n";
			showEnvVarsInLog = 0;
		};
/* End PBXShellScriptBuildPhase section */

/* Begin PBXSourcesBuildPhase section */
		F2E020AA20FC719D008B3D37 /* Sources */ = {
			isa = PBXSourcesBuildPhase;
			buildActionMask = 2147483647;
			files = (
				F2E020CD20FC7A12008B3D37 /* OlimpBattleAPI.swift in Sources */,
				F2E020FC20FCB682008B3D37 /* DisposableTableViewCell.swift in Sources */,
				F2E0210220FCB89F008B3D37 /* OlimpLeftTableViewCell.swift in Sources */,
				F2E020D320FC869D008B3D37 /* Data+Extensions.swift in Sources */,
				F2E020EE20FCA990008B3D37 /* Enum+Collection.swift in Sources */,
				F2E0210020FCB851008B3D37 /* OlimpTableCellViewModel.swift in Sources */,
				F2E020F520FCB0EE008B3D37 /* OlimpTableViewController.swift in Sources */,
				F2E020EA20FCA7F2008B3D37 /* FeedViewModel.swift in Sources */,
				F2E0210420FCB8C6008B3D37 /* OlimpRightTableViewCell.swift in Sources */,
				F2E020D620FCA2D7008B3D37 /* CoordinatorProtocol.swift in Sources */,
				F2E020B220FC719D008B3D37 /* AppDelegate.swift in Sources */,
				F2E020D820FCA3A9008B3D37 /* UIViewController+Rx.swift in Sources */,
				F2E020D020FC7B8D008B3D37 /* Page.swift in Sources */,
				F2E020F720FCB103008B3D37 /* OlimpTableViewModel.swift in Sources */,
				F2E020E220FCA738008B3D37 /* FeedViewController.swift in Sources */,
				F24A548620FD06C6009A6575 /* Array+Extension.swift in Sources */,
				F2E020DA20FCA3CC008B3D37 /* AppCoordinator.swift in Sources */,
				F2E020F920FCB231008B3D37 /* OlimpBattleItem.swift in Sources */,
				F24A548220FD0287009A6575 /* FeedContentPageViewController.swift in Sources */,
				F2E020EC20FCA823008B3D37 /* FeedCoordinator.swift in Sources */,
				F24A548420FD02D9009A6575 /* FeedContentPageViewModel.swift in Sources */,
				F2E020E620FCA77A008B3D37 /* ViewControllerProtocol.swift in Sources */,
				F2E020E520FCA77A008B3D37 /* ViewModelProtocol.swift in Sources */,
				F2E020E820FCA7C3008B3D37 /* Identifierable.swift in Sources */,
			);
			runOnlyForDeploymentPostprocessing = 0;
		};
/* End PBXSourcesBuildPhase section */

/* Begin PBXVariantGroup section */
		F2E020B520FC719E008B3D37 /* Main.storyboard */ = {
			isa = PBXVariantGroup;
			children = (
				F2E020B620FC719E008B3D37 /* Base */,
			);
			name = Main.storyboard;
			sourceTree = "<group>";
		};
		F2E020BA20FC719E008B3D37 /* LaunchScreen.storyboard */ = {
			isa = PBXVariantGroup;
			children = (
				F2E020BB20FC719E008B3D37 /* Base */,
			);
			name = LaunchScreen.storyboard;
			sourceTree = "<group>";
		};
/* End PBXVariantGroup section */

/* Begin XCBuildConfiguration section */
		F2E020BE20FC719E008B3D37 /* Debug */ = {
			isa = XCBuildConfiguration;
			buildSettings = {
				ALWAYS_SEARCH_USER_PATHS = NO;
				CLANG_ANALYZER_NONNULL = YES;
				CLANG_ANALYZER_NUMBER_OBJECT_CONVERSION = YES_AGGRESSIVE;
				CLANG_CXX_LANGUAGE_STANDARD = "gnu++14";
				CLANG_CXX_LIBRARY = "libc++";
				CLANG_ENABLE_MODULES = YES;
				CLANG_ENABLE_OBJC_ARC = YES;
				CLANG_WARN_BLOCK_CAPTURE_AUTORELEASING = YES;
				CLANG_WARN_BOOL_CONVERSION = YES;
				CLANG_WARN_COMMA = YES;
				CLANG_WARN_CONSTANT_CONVERSION = YES;
				CLANG_WARN_DIRECT_OBJC_ISA_USAGE = YES_ERROR;
				CLANG_WARN_DOCUMENTATION_COMMENTS = YES;
				CLANG_WARN_EMPTY_BODY = YES;
				CLANG_WARN_ENUM_CONVERSION = YES;
				CLANG_WARN_INFINITE_RECURSION = YES;
				CLANG_WARN_INT_CONVERSION = YES;
				CLANG_WARN_NON_LITERAL_NULL_CONVERSION = YES;
				CLANG_WARN_OBJC_LITERAL_CONVERSION = YES;
				CLANG_WARN_OBJC_ROOT_CLASS = YES_ERROR;
				CLANG_WARN_RANGE_LOOP_ANALYSIS = YES;
				CLANG_WARN_STRICT_PROTOTYPES = YES;
				CLANG_WARN_SUSPICIOUS_MOVE = YES;
				CLANG_WARN_UNGUARDED_AVAILABILITY = YES_AGGRESSIVE;
				CLANG_WARN_UNREACHABLE_CODE = YES;
				CLANG_WARN__DUPLICATE_METHOD_MATCH = YES;
				CODE_SIGN_IDENTITY = "iPhone Developer";
				COPY_PHASE_STRIP = NO;
				DEBUG_INFORMATION_FORMAT = dwarf;
				ENABLE_STRICT_OBJC_MSGSEND = YES;
				ENABLE_TESTABILITY = YES;
				GCC_C_LANGUAGE_STANDARD = gnu11;
				GCC_DYNAMIC_NO_PIC = NO;
				GCC_NO_COMMON_BLOCKS = YES;
				GCC_OPTIMIZATION_LEVEL = 0;
				GCC_PREPROCESSOR_DEFINITIONS = (
					"DEBUG=1",
					"$(inherited)",
				);
				GCC_WARN_64_TO_32_BIT_CONVERSION = YES;
				GCC_WARN_ABOUT_RETURN_TYPE = YES_ERROR;
				GCC_WARN_UNDECLARED_SELECTOR = YES;
				GCC_WARN_UNINITIALIZED_AUTOS = YES_AGGRESSIVE;
				GCC_WARN_UNUSED_FUNCTION = YES;
				GCC_WARN_UNUSED_VARIABLE = YES;
				IPHONEOS_DEPLOYMENT_TARGET = 11.2;
				MTL_ENABLE_DEBUG_INFO = YES;
				ONLY_ACTIVE_ARCH = YES;
				SDKROOT = iphoneos;
				SWIFT_ACTIVE_COMPILATION_CONDITIONS = DEBUG;
				SWIFT_OPTIMIZATION_LEVEL = "-Onone";
			};
			name = Debug;
		};
		F2E020BF20FC719E008B3D37 /* Release */ = {
			isa = XCBuildConfiguration;
			buildSettings = {
				ALWAYS_SEARCH_USER_PATHS = NO;
				CLANG_ANALYZER_NONNULL = YES;
				CLANG_ANALYZER_NUMBER_OBJECT_CONVERSION = YES_AGGRESSIVE;
				CLANG_CXX_LANGUAGE_STANDARD = "gnu++14";
				CLANG_CXX_LIBRARY = "libc++";
				CLANG_ENABLE_MODULES = YES;
				CLANG_ENABLE_OBJC_ARC = YES;
				CLANG_WARN_BLOCK_CAPTURE_AUTORELEASING = YES;
				CLANG_WARN_BOOL_CONVERSION = YES;
				CLANG_WARN_COMMA = YES;
				CLANG_WARN_CONSTANT_CONVERSION = YES;
				CLANG_WARN_DIRECT_OBJC_ISA_USAGE = YES_ERROR;
				CLANG_WARN_DOCUMENTATION_COMMENTS = YES;
				CLANG_WARN_EMPTY_BODY = YES;
				CLANG_WARN_ENUM_CONVERSION = YES;
				CLANG_WARN_INFINITE_RECURSION = YES;
				CLANG_WARN_INT_CONVERSION = YES;
				CLANG_WARN_NON_LITERAL_NULL_CONVERSION = YES;
				CLANG_WARN_OBJC_LITERAL_CONVERSION = YES;
				CLANG_WARN_OBJC_ROOT_CLASS = YES_ERROR;
				CLANG_WARN_RANGE_LOOP_ANALYSIS = YES;
				CLANG_WARN_STRICT_PROTOTYPES = YES;
				CLANG_WARN_SUSPICIOUS_MOVE = YES;
				CLANG_WARN_UNGUARDED_AVAILABILITY = YES_AGGRESSIVE;
				CLANG_WARN_UNREACHABLE_CODE = YES;
				CLANG_WARN__DUPLICATE_METHOD_MATCH = YES;
				CODE_SIGN_IDENTITY = "iPhone Developer";
				COPY_PHASE_STRIP = NO;
				DEBUG_INFORMATION_FORMAT = "dwarf-with-dsym";
				ENABLE_NS_ASSERTIONS = NO;
				ENABLE_STRICT_OBJC_MSGSEND = YES;
				GCC_C_LANGUAGE_STANDARD = gnu11;
				GCC_NO_COMMON_BLOCKS = YES;
				GCC_WARN_64_TO_32_BIT_CONVERSION = YES;
				GCC_WARN_ABOUT_RETURN_TYPE = YES_ERROR;
				GCC_WARN_UNDECLARED_SELECTOR = YES;
				GCC_WARN_UNINITIALIZED_AUTOS = YES_AGGRESSIVE;
				GCC_WARN_UNUSED_FUNCTION = YES;
				GCC_WARN_UNUSED_VARIABLE = YES;
				IPHONEOS_DEPLOYMENT_TARGET = 11.2;
				MTL_ENABLE_DEBUG_INFO = NO;
				SDKROOT = iphoneos;
				SWIFT_OPTIMIZATION_LEVEL = "-Owholemodule";
				VALIDATE_PRODUCT = YES;
			};
			name = Release;
		};
		F2E020C120FC719E008B3D37 /* Debug */ = {
			isa = XCBuildConfiguration;
			baseConfigurationReference = F829A6FCCFACA8A1E0EF7957 /* Pods-RxDemo.debug.xcconfig */;
			buildSettings = {
				ASSETCATALOG_COMPILER_APPICON_NAME = AppIcon;
				CODE_SIGN_STYLE = Automatic;
				INFOPLIST_FILE = "$(SRCROOT)/RxDemo/Internal/Resources/Info.plist";
				LD_RUNPATH_SEARCH_PATHS = "$(inherited) @executable_path/Frameworks";
				PRODUCT_BUNDLE_IDENTIFIER = com.reddemo.RxDemo;
				PRODUCT_NAME = "$(TARGET_NAME)";
				SWIFT_VERSION = 4.0;
				TARGETED_DEVICE_FAMILY = "1,2";
			};
			name = Debug;
		};
		F2E020C220FC719E008B3D37 /* Release */ = {
			isa = XCBuildConfiguration;
			baseConfigurationReference = F56CE55B929154CAD8999BB5 /* Pods-RxDemo.release.xcconfig */;
			buildSettings = {
				ASSETCATALOG_COMPILER_APPICON_NAME = AppIcon;
				CODE_SIGN_STYLE = Automatic;
				INFOPLIST_FILE = "$(SRCROOT)/RxDemo/Internal/Resources/Info.plist";
				LD_RUNPATH_SEARCH_PATHS = "$(inherited) @executable_path/Frameworks";
				PRODUCT_BUNDLE_IDENTIFIER = com.reddemo.RxDemo;
				PRODUCT_NAME = "$(TARGET_NAME)";
				SWIFT_VERSION = 4.0;
				TARGETED_DEVICE_FAMILY = "1,2";
			};
			name = Release;
		};
/* End XCBuildConfiguration section */

/* Begin XCConfigurationList section */
		F2E020A920FC719D008B3D37 /* Build configuration list for PBXProject "RxDemo" */ = {
			isa = XCConfigurationList;
			buildConfigurations = (
				F2E020BE20FC719E008B3D37 /* Debug */,
				F2E020BF20FC719E008B3D37 /* Release */,
			);
			defaultConfigurationIsVisible = 0;
			defaultConfigurationName = Release;
		};
		F2E020C020FC719E008B3D37 /* Build configuration list for PBXNativeTarget "RxDemo" */ = {
			isa = XCConfigurationList;
			buildConfigurations = (
				F2E020C120FC719E008B3D37 /* Debug */,
				F2E020C220FC719E008B3D37 /* Release */,
			);
			defaultConfigurationIsVisible = 0;
			defaultConfigurationName = Release;
		};
/* End XCConfigurationList section */
	};
	rootObject = F2E020A620FC719D008B3D37 /* Project object */;
}
